
Microsoft Visual Studio Solution File, Format Version 12.00
# Visual Studio Version 17
VisualStudioVersion = 17.4.33213.308
MinimumVisualStudioVersion = 10.0.40219.1
Project("{2150E333-8FDC-42A3-9474-1A3956D46DE8}") = "src", "src", "{66F59723-311B-4F39-80B5-DA3070F4309F}"
EndProject
Project("{FAE04EC0-301F-11D3-BF4B-00C04F79EFBC}") = "ClosedList", "src\ClosedList\ClosedList.csproj", "{5A8B6900-4471-4D01-B033-770BD5C3CA70}"
EndProject
Global
	GlobalSection(SolutionConfigurationPlatforms) = preSolution
		Debug|Any CPU = Debug|Any CPU
		Release|Any CPU = Release|Any CPU
	EndGlobalSection
	GlobalSection(ProjectConfigurationPlatforms) = postSolution
		{5A8B6900-4471-4D01-B033-770BD5C3CA70}.Debug|Any CPU.ActiveCfg = Debug|Any CPU
		{5A8B6900-4471-4D01-B033-770BD5C3CA70}.Debug|Any CPU.Build.0 = Debug|Any CPU
		{5A8B6900-4471-4D01-B033-770BD5C3CA70}.Release|Any CPU.ActiveCfg = Release|Any CPU
		{5A8B6900-4471-4D01-B033-770BD5C3CA70}.Release|Any CPU.Build.0 = Release|Any CPU
	EndGlobalSection
	GlobalSection(SolutionProperties) = preSolution
		HideSolutionNode = FALSE
	EndGlobalSection
	GlobalSection(NestedProjects) = preSolution
		{5A8B6900-4471-4D01-B033-770BD5C3CA70} = {66F59723-311B-4F39-80B5-DA3070F4309F}
	EndGlobalSection
EndGlobal
