
Microsoft Visual Studio Solution File, Format Version 12.00
# Visual Studio Version 17
VisualStudioVersion = 17.4.33213.308
MinimumVisualStudioVersion = 10.0.40219.1
Project("{FAE04EC0-301F-11D3-BF4B-00C04F79EFBC}") = "ClosedList", "src\ClosedList\ClosedList.csproj", "{5A8B6900-4471-4D01-B033-770BD5C3CA70}"
EndProject
Global
	GlobalSection(SolutionConfigurationPlatforms) = preSolution
		Debug|Any CPU = Debug|Any CPU
		Release|Any CPU = Release|Any CPU
	EndGlobalSection
	GlobalSection(ProjectConfigurationPlatforms) = postSolution
		{5A8B6900-4471-4D01-B033-770BD5C3CA70}.Debug|Any CPU.ActiveCfg = Debug|Any CPU
		{5A8B6900-4471-4D01-B033-770BD5C3CA70}.Debug|Any CPU.Build.0 = Debug|Any CPU
		{5A8B6900-4471-4D01-B033-770BD5C3CA70}.Release|Any CPU.ActiveCfg = Release|Any CPU
		{5A8B6900-4471-4D01-B033-770BD5C3CA70}.Release|Any CPU.Build.0 = Release|Any CPU
	EndGlobalSection
	GlobalSection(SolutionProperties) = preSolution
		HideSolutionNode = FALSE
	EndGlobalSection
	GlobalSection(ExtensibilityGlobals) = postSolution
		SolutionGuid = {C96DAAF4-6808-4A75-8CE7-43D9FD5089E4}
	EndGlobalSection
EndGlobal
